
Microsoft Visual Studio Solution File, Format Version 12.00
# Visual Studio Version 17
VisualStudioVersion = 17.8.34511.84
MinimumVisualStudioVersion = 10.0.40219.1
Project("{9A19103F-16F7-4668-BE54-9A1E7A4F7556}") = "hostel_management", "hostel_management\hostel_management.csproj", "{A6DD2410-54D2-4C74-9880-0EB0327474F7}"
EndProject
Global
	GlobalSection(SolutionConfigurationPlatforms) = preSolution
		Debug|Any CPU = Debug|Any CPU
		Release|Any CPU = Release|Any CPU
	EndGlobalSection
	GlobalSection(ProjectConfigurationPlatforms) = postSolution
		{A6DD2410-54D2-4C74-9880-0EB0327474F7}.Debug|Any CPU.ActiveCfg = Debug|Any CPU
		{A6DD2410-54D2-4C74-9880-0EB0327474F7}.Debug|Any CPU.Build.0 = Debug|Any CPU
		{A6DD2410-54D2-4C74-9880-0EB0327474F7}.Release|Any CPU.ActiveCfg = Release|Any CPU
		{A6DD2410-54D2-4C74-9880-0EB0327474F7}.Release|Any CPU.Build.0 = Release|Any CPU
	EndGlobalSection
	GlobalSection(SolutionProperties) = preSolution
		HideSolutionNode = FALSE
	EndGlobalSection
	GlobalSection(ExtensibilityGlobals) = postSolution
		SolutionGuid = {B30BC7F0-67E3-4F6B-ADDA-BBAF2290875B}
	EndGlobalSection
EndGlobal
